// !$*UTF8*$!
{
	archiveVersion = 1;
	classes = {
	};
	objectVersion = 50;
	objects = {

/* Begin PBXBuildFile section */
		69A47C5124F171CE00950BA2 /* AppDelegate.swift in Sources */ = {isa = PBXBuildFile; fileRef = 69A47C5024F171CE00950BA2 /* AppDelegate.swift */; };
		69A47C5324F171CE00950BA2 /* SceneDelegate.swift in Sources */ = {isa = PBXBuildFile; fileRef = 69A47C5224F171CE00950BA2 /* SceneDelegate.swift */; };
		69A47C5524F171CE00950BA2 /* ViewController.swift in Sources */ = {isa = PBXBuildFile; fileRef = 69A47C5424F171CE00950BA2 /* ViewController.swift */; };
		69A47C5824F171CE00950BA2 /* Main.storyboard in Resources */ = {isa = PBXBuildFile; fileRef = 69A47C5624F171CE00950BA2 /* Main.storyboard */; };
		69A47C5A24F171D100950BA2 /* Assets.xcassets in Resources */ = {isa = PBXBuildFile; fileRef = 69A47C5924F171D100950BA2 /* Assets.xcassets */; };
		69A47C5D24F171D100950BA2 /* LaunchScreen.storyboard in Resources */ = {isa = PBXBuildFile; fileRef = 69A47C5B24F171D100950BA2 /* LaunchScreen.storyboard */; };
		69A47C6824F171D100950BA2 /* World_TrackingTests.swift in Sources */ = {isa = PBXBuildFile; fileRef = 69A47C6724F171D100950BA2 /* World_TrackingTests.swift */; };
		69A47C7324F171D100950BA2 /* World_TrackingUITests.swift in Sources */ = {isa = PBXBuildFile; fileRef = 69A47C7224F171D100950BA2 /* World_TrackingUITests.swift */; };
/* End PBXBuildFile section */

/* Begin PBXContainerItemProxy section */
		69A47C6424F171D100950BA2 /* PBXContainerItemProxy */ = {
			isa = PBXContainerItemProxy;
			containerPortal = 69A47C4524F171CE00950BA2 /* Project object */;
			proxyType = 1;
			remoteGlobalIDString = 69A47C4C24F171CE00950BA2;
			remoteInfo = "World Tracking";
		};
		69A47C6F24F171D100950BA2 /* PBXContainerItemProxy */ = {
			isa = PBXContainerItemProxy;
			containerPortal = 69A47C4524F171CE00950BA2 /* Project object */;
			proxyType = 1;
			remoteGlobalIDString = 69A47C4C24F171CE00950BA2;
			remoteInfo = "World Tracking";
		};
/* End PBXContainerItemProxy section */

/* Begin PBXFileReference section */
		69A47C4D24F171CE00950BA2 /* World Tracking.app */ = {isa = PBXFileReference; explicitFileType = wrapper.application; includeInIndex = 0; path = "World Tracking.app"; sourceTree = BUILT_PRODUCTS_DIR; };
		69A47C5024F171CE00950BA2 /* AppDelegate.swift */ = {isa = PBXFileReference; lastKnownFileType = sourcecode.swift; path = AppDelegate.swift; sourceTree = "<group>"; };
		69A47C5224F171CE00950BA2 /* SceneDelegate.swift */ = {isa = PBXFileReference; lastKnownFileType = sourcecode.swift; path = SceneDelegate.swift; sourceTree = "<group>"; };
		69A47C5424F171CE00950BA2 /* ViewController.swift */ = {isa = PBXFileReference; lastKnownFileType = sourcecode.swift; path = ViewController.swift; sourceTree = "<group>"; };
		69A47C5724F171CE00950BA2 /* Base */ = {isa = PBXFileReference; lastKnownFileType = file.storyboard; name = Base; path = Base.lproj/Main.storyboard; sourceTree = "<group>"; };
		69A47C5924F171D100950BA2 /* Assets.xcassets */ = {isa = PBXFileReference; lastKnownFileType = folder.assetcatalog; path = Assets.xcassets; sourceTree = "<group>"; };
		69A47C5C24F171D100950BA2 /* Base */ = {isa = PBXFileReference; lastKnownFileType = file.storyboard; name = Base; path = Base.lproj/LaunchScreen.storyboard; sourceTree = "<group>"; };
		69A47C5E24F171D100950BA2 /* Info.plist */ = {isa = PBXFileReference; lastKnownFileType = text.plist.xml; path = Info.plist; sourceTree = "<group>"; };
		69A47C6324F171D100950BA2 /* World TrackingTests.xctest */ = {isa = PBXFileReference; explicitFileType = wrapper.cfbundle; includeInIndex = 0; path = "World TrackingTests.xctest"; sourceTree = BUILT_PRODUCTS_DIR; };
		69A47C6724F171D100950BA2 /* World_TrackingTests.swift */ = {isa = PBXFileReference; lastKnownFileType = sourcecode.swift; path = World_TrackingTests.swift; sourceTree = "<group>"; };
		69A47C6924F171D100950BA2 /* Info.plist */ = {isa = PBXFileReference; lastKnownFileType = text.plist.xml; path = Info.plist; sourceTree = "<group>"; };
		69A47C6E24F171D100950BA2 /* World TrackingUITests.xctest */ = {isa = PBXFileReference; explicitFileType = wrapper.cfbundle; includeInIndex = 0; path = "World TrackingUITests.xctest"; sourceTree = BUILT_PRODUCTS_DIR; };
		69A47C7224F171D100950BA2 /* World_TrackingUITests.swift */ = {isa = PBXFileReference; lastKnownFileType = sourcecode.swift; path = World_TrackingUITests.swift; sourceTree = "<group>"; };
		69A47C7424F171D100950BA2 /* Info.plist */ = {isa = PBXFileReference; lastKnownFileType = text.plist.xml; path = Info.plist; sourceTree = "<group>"; };
/* End PBXFileReference section */

/* Begin PBXFrameworksBuildPhase section */
		69A47C4A24F171CE00950BA2 /* Frameworks */ = {
			isa = PBXFrameworksBuildPhase;
			buildActionMask = 2147483647;
			files = (
			);
			runOnlyForDeploymentPostprocessing = 0;
		};
		69A47C6024F171D100950BA2 /* Frameworks */ = {
			isa = PBXFrameworksBuildPhase;
			buildActionMask = 2147483647;
			files = (
			);
			runOnlyForDeploymentPostprocessing = 0;
		};
		69A47C6B24F171D100950BA2 /* Frameworks */ = {
			isa = PBXFrameworksBuildPhase;
			buildActionMask = 2147483647;
			files = (
			);
			runOnlyForDeploymentPostprocessing = 0;
		};
/* End PBXFrameworksBuildPhase section */

/* Begin PBXGroup section */
		69A47C4424F171CE00950BA2 = {
			isa = PBXGroup;
			children = (
				69A47C4F24F171CE00950BA2 /* World Tracking */,
				69A47C6624F171D100950BA2 /* World TrackingTests */,
				69A47C7124F171D100950BA2 /* World TrackingUITests */,
				69A47C4E24F171CE00950BA2 /* Products */,
			);
			sourceTree = "<group>";
		};
		69A47C4E24F171CE00950BA2 /* Products */ = {
			isa = PBXGroup;
			children = (
				69A47C4D24F171CE00950BA2 /* World Tracking.app */,
				69A47C6324F171D100950BA2 /* World TrackingTests.xctest */,
				69A47C6E24F171D100950BA2 /* World TrackingUITests.xctest */,
			);
			name = Products;
			sourceTree = "<group>";
		};
		69A47C4F24F171CE00950BA2 /* World Tracking */ = {
			isa = PBXGroup;
			children = (
				69A47C5024F171CE00950BA2 /* AppDelegate.swift */,
				69A47C5224F171CE00950BA2 /* SceneDelegate.swift */,
				69A47C5424F171CE00950BA2 /* ViewController.swift */,
				69A47C5624F171CE00950BA2 /* Main.storyboard */,
				69A47C5924F171D100950BA2 /* Assets.xcassets */,
				69A47C5B24F171D100950BA2 /* LaunchScreen.storyboard */,
				69A47C5E24F171D100950BA2 /* Info.plist */,
			);
			path = "World Tracking";
			sourceTree = "<group>";
		};
		69A47C6624F171D100950BA2 /* World TrackingTests */ = {
			isa = PBXGroup;
			children = (
				69A47C6724F171D100950BA2 /* World_TrackingTests.swift */,
				69A47C6924F171D100950BA2 /* Info.plist */,
			);
			path = "World TrackingTests";
			sourceTree = "<group>";
		};
		69A47C7124F171D100950BA2 /* World TrackingUITests */ = {
			isa = PBXGroup;
			children = (
				69A47C7224F171D100950BA2 /* World_TrackingUITests.swift */,
				69A47C7424F171D100950BA2 /* Info.plist */,
			);
			path = "World TrackingUITests";
			sourceTree = "<group>";
		};
/* End PBXGroup section */

/* Begin PBXNativeTarget section */
		69A47C4C24F171CE00950BA2 /* World Tracking */ = {
			isa = PBXNativeTarget;
			buildConfigurationList = 69A47C7724F171D100950BA2 /* Build configuration list for PBXNativeTarget "World Tracking" */;
			buildPhases = (
				69A47C4924F171CE00950BA2 /* Sources */,
				69A47C4A24F171CE00950BA2 /* Frameworks */,
				69A47C4B24F171CE00950BA2 /* Resources */,
			);
			buildRules = (
			);
			dependencies = (
			);
			name = "World Tracking";
			productName = "World Tracking";
			productReference = 69A47C4D24F171CE00950BA2 /* World Tracking.app */;
			productType = "com.apple.product-type.application";
		};
		69A47C6224F171D100950BA2 /* World TrackingTests */ = {
			isa = PBXNativeTarget;
			buildConfigurationList = 69A47C7A24F171D100950BA2 /* Build configuration list for PBXNativeTarget "World TrackingTests" */;
			buildPhases = (
				69A47C5F24F171D100950BA2 /* Sources */,
				69A47C6024F171D100950BA2 /* Frameworks */,
				69A47C6124F171D100950BA2 /* Resources */,
			);
			buildRules = (
			);
			dependencies = (
				69A47C6524F171D100950BA2 /* PBXTargetDependency */,
			);
			name = "World TrackingTests";
			productName = "World TrackingTests";
			productReference = 69A47C6324F171D100950BA2 /* World TrackingTests.xctest */;
			productType = "com.apple.product-type.bundle.unit-test";
		};
		69A47C6D24F171D100950BA2 /* World TrackingUITests */ = {
			isa = PBXNativeTarget;
			buildConfigurationList = 69A47C7D24F171D100950BA2 /* Build configuration list for PBXNativeTarget "World TrackingUITests" */;
			buildPhases = (
				69A47C6A24F171D100950BA2 /* Sources */,
				69A47C6B24F171D100950BA2 /* Frameworks */,
				69A47C6C24F171D100950BA2 /* Resources */,
			);
			buildRules = (
			);
			dependencies = (
				69A47C7024F171D100950BA2 /* PBXTargetDependency */,
			);
			name = "World TrackingUITests";
			productName = "World TrackingUITests";
			productReference = 69A47C6E24F171D100950BA2 /* World TrackingUITests.xctest */;
			productType = "com.apple.product-type.bundle.ui-testing";
		};
/* End PBXNativeTarget section */

/* Begin PBXProject section */
		69A47C4524F171CE00950BA2 /* Project object */ = {
			isa = PBXProject;
			attributes = {
				LastSwiftUpdateCheck = 1160;
				LastUpgradeCheck = 1160;
				ORGANIZATIONNAME = "Benjamin Salter";
				TargetAttributes = {
					69A47C4C24F171CE00950BA2 = {
						CreatedOnToolsVersion = 11.6;
					};
					69A47C6224F171D100950BA2 = {
						CreatedOnToolsVersion = 11.6;
						TestTargetID = 69A47C4C24F171CE00950BA2;
					};
					69A47C6D24F171D100950BA2 = {
						CreatedOnToolsVersion = 11.6;
						TestTargetID = 69A47C4C24F171CE00950BA2;
					};
				};
			};
			buildConfigurationList = 69A47C4824F171CE00950BA2 /* Build configuration list for PBXProject "World Tracking" */;
			compatibilityVersion = "Xcode 9.3";
			developmentRegion = en;
			hasScannedForEncodings = 0;
			knownRegions = (
				en,
				Base,
			);
			mainGroup = 69A47C4424F171CE00950BA2;
			productRefGroup = 69A47C4E24F171CE00950BA2 /* Products */;
			projectDirPath = "";
			projectRoot = "";
			targets = (
				69A47C4C24F171CE00950BA2 /* World Tracking */,
				69A47C6224F171D100950BA2 /* World TrackingTests */,
				69A47C6D24F171D100950BA2 /* World TrackingUITests */,
			);
		};
/* End PBXProject section */

/* Begin PBXResourcesBuildPhase section */
		69A47C4B24F171CE00950BA2 /* Resources */ = {
			isa = PBXResourcesBuildPhase;
			buildActionMask = 2147483647;
			files = (
				69A47C5D24F171D100950BA2 /* LaunchScreen.storyboard in Resources */,
				69A47C5A24F171D100950BA2 /* Assets.xcassets in Resources */,
				69A47C5824F171CE00950BA2 /* Main.storyboard in Resources */,
			);
			runOnlyForDeploymentPostprocessing = 0;
		};
		69A47C6124F171D100950BA2 /* Resources */ = {
			isa = PBXResourcesBuildPhase;
			buildActionMask = 2147483647;
			files = (
			);
			runOnlyForDeploymentPostprocessing = 0;
		};
		69A47C6C24F171D100950BA2 /* Resources */ = {
			isa = PBXResourcesBuildPhase;
			buildActionMask = 2147483647;
			files = (
			);
			runOnlyForDeploymentPostprocessing = 0;
		};
/* End PBXResourcesBuildPhase section */

/* Begin PBXSourcesBuildPhase section */
		69A47C4924F171CE00950BA2 /* Sources */ = {
			isa = PBXSourcesBuildPhase;
			buildActionMask = 2147483647;
			files = (
				69A47C5524F171CE00950BA2 /* ViewController.swift in Sources */,
				69A47C5124F171CE00950BA2 /* AppDelegate.swift in Sources */,
				69A47C5324F171CE00950BA2 /* SceneDelegate.swift in Sources */,
			);
			runOnlyForDeploymentPostprocessing = 0;
		};
		69A47C5F24F171D100950BA2 /* Sources */ = {
			isa = PBXSourcesBuildPhase;
			buildActionMask = 2147483647;
			files = (
				69A47C6824F171D100950BA2 /* World_TrackingTests.swift in Sources */,
			);
			runOnlyForDeploymentPostprocessing = 0;
		};
		69A47C6A24F171D100950BA2 /* Sources */ = {
			isa = PBXSourcesBuildPhase;
			buildActionMask = 2147483647;
			files = (
				69A47C7324F171D100950BA2 /* World_TrackingUITests.swift in Sources */,
			);
			runOnlyForDeploymentPostprocessing = 0;
		};
/* End PBXSourcesBuildPhase section */

/* Begin PBXTargetDependency section */
		69A47C6524F171D100950BA2 /* PBXTargetDependency */ = {
			isa = PBXTargetDependency;
			target = 69A47C4C24F171CE00950BA2 /* World Tracking */;
			targetProxy = 69A47C6424F171D100950BA2 /* PBXContainerItemProxy */;
		};
		69A47C7024F171D100950BA2 /* PBXTargetDependency */ = {
			isa = PBXTargetDependency;
			target = 69A47C4C24F171CE00950BA2 /* World Tracking */;
			targetProxy = 69A47C6F24F171D100950BA2 /* PBXContainerItemProxy */;
		};
/* End PBXTargetDependency section */

/* Begin PBXVariantGroup section */
		69A47C5624F171CE00950BA2 /* Main.storyboard */ = {
			isa = PBXVariantGroup;
			children = (
				69A47C5724F171CE00950BA2 /* Base */,
			);
			name = Main.storyboard;
			sourceTree = "<group>";
		};
		69A47C5B24F171D100950BA2 /* LaunchScreen.storyboard */ = {
			isa = PBXVariantGroup;
			children = (
				69A47C5C24F171D100950BA2 /* Base */,
			);
			name = LaunchScreen.storyboard;
			sourceTree = "<group>";
		};
/* End PBXVariantGroup section */

/* Begin XCBuildConfiguration section */
		69A47C7524F171D100950BA2 /* Debug */ = {
			isa = XCBuildConfiguration;
			buildSettings = {
				ALWAYS_SEARCH_USER_PATHS = NO;
				CLANG_ANALYZER_NONNULL = YES;
				CLANG_ANALYZER_NUMBER_OBJECT_CONVERSION = YES_AGGRESSIVE;
				CLANG_CXX_LANGUAGE_STANDARD = "gnu++14";
				CLANG_CXX_LIBRARY = "libc++";
				CLANG_ENABLE_MODULES = YES;
				CLANG_ENABLE_OBJC_ARC = YES;
				CLANG_ENABLE_OBJC_WEAK = YES;
				CLANG_WARN_BLOCK_CAPTURE_AUTORELEASING = YES;
				CLANG_WARN_BOOL_CONVERSION = YES;
				CLANG_WARN_COMMA = YES;
				CLANG_WARN_CONSTANT_CONVERSION = YES;
				CLANG_WARN_DEPRECATED_OBJC_IMPLEMENTATIONS = YES;
				CLANG_WARN_DIRECT_OBJC_ISA_USAGE = YES_ERROR;
				CLANG_WARN_DOCUMENTATION_COMMENTS = YES;
				CLANG_WARN_EMPTY_BODY = YES;
				CLANG_WARN_ENUM_CONVERSION = YES;
				CLANG_WARN_INFINITE_RECURSION = YES;
				CLANG_WARN_INT_CONVERSION = YES;
				CLANG_WARN_NON_LITERAL_NULL_CONVERSION = YES;
				CLANG_WARN_OBJC_IMPLICIT_RETAIN_SELF = YES;
				CLANG_WARN_OBJC_LITERAL_CONVERSION = YES;
				CLANG_WARN_OBJC_ROOT_CLASS = YES_ERROR;
				CLANG_WARN_RANGE_LOOP_ANALYSIS = YES;
				CLANG_WARN_STRICT_PROTOTYPES = YES;
				CLANG_WARN_SUSPICIOUS_MOVE = YES;
				CLANG_WARN_UNGUARDED_AVAILABILITY = YES_AGGRESSIVE;
				CLANG_WARN_UNREACHABLE_CODE = YES;
				CLANG_WARN__DUPLICATE_METHOD_MATCH = YES;
				COPY_PHASE_STRIP = NO;
				DEBUG_INFORMATION_FORMAT = dwarf;
				ENABLE_STRICT_OBJC_MSGSEND = YES;
				ENABLE_TESTABILITY = YES;
				GCC_C_LANGUAGE_STANDARD = gnu11;
				GCC_DYNAMIC_NO_PIC = NO;
				GCC_NO_COMMON_BLOCKS = YES;
				GCC_OPTIMIZATION_LEVEL = 0;
				GCC_PREPROCESSOR_DEFINITIONS = (
					"DEBUG=1",
					"$(inherited)",
				);
				GCC_WARN_64_TO_32_BIT_CONVERSION = YES;
				GCC_WARN_ABOUT_RETURN_TYPE = YES_ERROR;
				GCC_WARN_UNDECLARED_SELECTOR = YES;
				GCC_WARN_UNINITIALIZED_AUTOS = YES_AGGRESSIVE;
				GCC_WARN_UNUSED_FUNCTION = YES;
				GCC_WARN_UNUSED_VARIABLE = YES;
				IPHONEOS_DEPLOYMENT_TARGET = 13.6;
				MTL_ENABLE_DEBUG_INFO = INCLUDE_SOURCE;
				MTL_FAST_MATH = YES;
				ONLY_ACTIVE_ARCH = YES;
				SDKROOT = iphoneos;
				SWIFT_ACTIVE_COMPILATION_CONDITIONS = DEBUG;
				SWIFT_OPTIMIZATION_LEVEL = "-Onone";
			};
			name = Debug;
		};
		69A47C7624F171D100950BA2 /* Release */ = {
			isa = XCBuildConfiguration;
			buildSettings = {
				ALWAYS_SEARCH_USER_PATHS = NO;
				CLANG_ANALYZER_NONNULL = YES;
				CLANG_ANALYZER_NUMBER_OBJECT_CONVERSION = YES_AGGRESSIVE;
				CLANG_CXX_LANGUAGE_STANDARD = "gnu++14";
				CLANG_CXX_LIBRARY = "libc++";
				CLANG_ENABLE_MODULES = YES;
				CLANG_ENABLE_OBJC_ARC = YES;
				CLANG_ENABLE_OBJC_WEAK = YES;
				CLANG_WARN_BLOCK_CAPTURE_AUTORELEASING = YES;
				CLANG_WARN_BOOL_CONVERSION = YES;
				CLANG_WARN_COMMA = YES;
				CLANG_WARN_CONSTANT_CONVERSION = YES;
				CLANG_WARN_DEPRECATED_OBJC_IMPLEMENTATIONS = YES;
				CLANG_WARN_DIRECT_OBJC_ISA_USAGE = YES_ERROR;
				CLANG_WARN_DOCUMENTATION_COMMENTS = YES;
				CLANG_WARN_EMPTY_BODY = YES;
				CLANG_WARN_ENUM_CONVERSION = YES;
				CLANG_WARN_INFINITE_RECURSION = YES;
				CLANG_WARN_INT_CONVERSION = YES;
				CLANG_WARN_NON_LITERAL_NULL_CONVERSION = YES;
				CLANG_WARN_OBJC_IMPLICIT_RETAIN_SELF = YES;
				CLANG_WARN_OBJC_LITERAL_CONVERSION = YES;
				CLANG_WARN_OBJC_ROOT_CLASS = YES_ERROR;
				CLANG_WARN_RANGE_LOOP_ANALYSIS = YES;
				CLANG_WARN_STRICT_PROTOTYPES = YES;
				CLANG_WARN_SUSPICIOUS_MOVE = YES;
				CLANG_WARN_UNGUARDED_AVAILABILITY = YES_AGGRESSIVE;
				CLANG_WARN_UNREACHABLE_CODE = YES;
				CLANG_WARN__DUPLICATE_METHOD_MATCH = YES;
				COPY_PHASE_STRIP = NO;
				DEBUG_INFORMATION_FORMAT = "dwarf-with-dsym";
				ENABLE_NS_ASSERTIONS = NO;
				ENABLE_STRICT_OBJC_MSGSEND = YES;
				GCC_C_LANGUAGE_STANDARD = gnu11;
				GCC_NO_COMMON_BLOCKS = YES;
				GCC_WARN_64_TO_32_BIT_CONVERSION = YES;
				GCC_WARN_ABOUT_RETURN_TYPE = YES_ERROR;
				GCC_WARN_UNDECLARED_SELECTOR = YES;
				GCC_WARN_UNINITIALIZED_AUTOS = YES_AGGRESSIVE;
				GCC_WARN_UNUSED_FUNCTION = YES;
				GCC_WARN_UNUSED_VARIABLE = YES;
				IPHONEOS_DEPLOYMENT_TARGET = 13.6;
				MTL_ENABLE_DEBUG_INFO = NO;
				MTL_FAST_MATH = YES;
				SDKROOT = iphoneos;
				SWIFT_COMPILATION_MODE = wholemodule;
				SWIFT_OPTIMIZATION_LEVEL = "-O";
				VALIDATE_PRODUCT = YES;
			};
			name = Release;
		};
		69A47C7824F171D100950BA2 /* Debug */ = {
			isa = XCBuildConfiguration;
			buildSettings = {
				ASSETCATALOG_COMPILER_APPICON_NAME = AppIcon;
				CODE_SIGN_STYLE = Automatic;
				DEVELOPMENT_TEAM = 3524D3ATHF;
				INFOPLIST_FILE = "World Tracking/Info.plist";
				LD_RUNPATH_SEARCH_PATHS = (
					"$(inherited)",
					"@executable_path/Frameworks",
				);
				PRODUCT_BUNDLE_IDENTIFIER = "com.bennsalter.World-Tracking";
				PRODUCT_NAME = "$(TARGET_NAME)";
				SWIFT_VERSION = 5.0;
				TARGETED_DEVICE_FAMILY = "1,2";
			};
			name = Debug;
		};
		69A47C7924F171D100950BA2 /* Release */ = {
			isa = XCBuildConfiguration;
			buildSettings = {
				ASSETCATALOG_COMPILER_APPICON_NAME = AppIcon;
				CODE_SIGN_STYLE = Automatic;
				DEVELOPMENT_TEAM = 3524D3ATHF;
				INFOPLIST_FILE = "World Tracking/Info.plist";
				LD_RUNPATH_SEARCH_PATHS = (
					"$(inherited)",
					"@executable_path/Frameworks",
				);
				PRODUCT_BUNDLE_IDENTIFIER = "com.bennsalter.World-Tracking";
				PRODUCT_NAME = "$(TARGET_NAME)";
				SWIFT_VERSION = 5.0;
				TARGETED_DEVICE_FAMILY = "1,2";
			};
			name = Release;
		};
		69A47C7B24F171D100950BA2 /* Debug */ = {
			isa = XCBuildConfiguration;
			buildSettings = {
				ALWAYS_EMBED_SWIFT_STANDARD_LIBRARIES = YES;
				BUNDLE_LOADER = "$(TEST_HOST)";
				CODE_SIGN_STYLE = Automatic;
				INFOPLIST_FILE = "World TrackingTests/Info.plist";
				IPHONEOS_DEPLOYMENT_TARGET = 13.6;
				LD_RUNPATH_SEARCH_PATHS = (
					"$(inherited)",
					"@executable_path/Frameworks",
					"@loader_path/Frameworks",
				);
				PRODUCT_BUNDLE_IDENTIFIER = "com.bennsalter.World-TrackingTests";
				PRODUCT_NAME = "$(TARGET_NAME)";
				SWIFT_VERSION = 5.0;
				TARGETED_DEVICE_FAMILY = "1,2";
				TEST_HOST = "$(BUILT_PRODUCTS_DIR)/World Tracking.app/World Tracking";
			};
			name = Debug;
		};
		69A47C7C24F171D100950BA2 /* Release */ = {
			isa = XCBuildConfiguration;
			buildSettings = {
				ALWAYS_EMBED_SWIFT_STANDARD_LIBRARIES = YES;
				BUNDLE_LOADER = "$(TEST_HOST)";
				CODE_SIGN_STYLE = Automatic;
				INFOPLIST_FILE = "World TrackingTests/Info.plist";
				IPHONEOS_DEPLOYMENT_TARGET = 13.6;
				LD_RUNPATH_SEARCH_PATHS = (
					"$(inherited)",
					"@executable_path/Frameworks",
					"@loader_path/Frameworks",
				);
				PRODUCT_BUNDLE_IDENTIFIER = "com.bennsalter.World-TrackingTests";
				PRODUCT_NAME = "$(TARGET_NAME)";
				SWIFT_VERSION = 5.0;
				TARGETED_DEVICE_FAMILY = "1,2";
				TEST_HOST = "$(BUILT_PRODUCTS_DIR)/World Tracking.app/World Tracking";
			};
			name = Release;
		};
		69A47C7E24F171D100950BA2 /* Debug */ = {
			isa = XCBuildConfiguration;
			buildSettings = {
				ALWAYS_EMBED_SWIFT_STANDARD_LIBRARIES = YES;
				CODE_SIGN_STYLE = Automatic;
				INFOPLIST_FILE = "World TrackingUITests/Info.plist";
				LD_RUNPATH_SEARCH_PATHS = (
					"$(inherited)",
					"@executable_path/Frameworks",
					"@loader_path/Frameworks",
				);
				PRODUCT_BUNDLE_IDENTIFIER = "com.bennsalter.World-TrackingUITests";
				PRODUCT_NAME = "$(TARGET_NAME)";
				SWIFT_VERSION = 5.0;
				TARGETED_DEVICE_FAMILY = "1,2";
				TEST_TARGET_NAME = "World Tracking";
			};
			name = Debug;
		};
		69A47C7F24F171D100950BA2 /* Release */ = {
			isa = XCBuildConfiguration;
			buildSettings = {
				ALWAYS_EMBED_SWIFT_STANDARD_LIBRARIES = YES;
				CODE_SIGN_STYLE = Automatic;
				INFOPLIST_FILE = "World TrackingUITests/Info.plist";
				LD_RUNPATH_SEARCH_PATHS = (
					"$(inherited)",
					"@executable_path/Frameworks",
					"@loader_path/Frameworks",
				);
				PRODUCT_BUNDLE_IDENTIFIER = "com.bennsalter.World-TrackingUITests";
				PRODUCT_NAME = "$(TARGET_NAME)";
				SWIFT_VERSION = 5.0;
				TARGETED_DEVICE_FAMILY = "1,2";
				TEST_TARGET_NAME = "World Tracking";
			};
			name = Release;
		};
/* End XCBuildConfiguration section */

/* Begin XCConfigurationList section */
		69A47C4824F171CE00950BA2 /* Build configuration list for PBXProject "World Tracking" */ = {
			isa = XCConfigurationList;
			buildConfigurations = (
				69A47C7524F171D100950BA2 /* Debug */,
				69A47C7624F171D100950BA2 /* Release */,
			);
			defaultConfigurationIsVisible = 0;
			defaultConfigurationName = Release;
		};
		69A47C7724F171D100950BA2 /* Build configuration list for PBXNativeTarget "World Tracking" */ = {
			isa = XCConfigurationList;
			buildConfigurations = (
				69A47C7824F171D100950BA2 /* Debug */,
				69A47C7924F171D100950BA2 /* Release */,
			);
			defaultConfigurationIsVisible = 0;
			defaultConfigurationName = Release;
		};
		69A47C7A24F171D100950BA2 /* Build configuration list for PBXNativeTarget "World TrackingTests" */ = {
			isa = XCConfigurationList;
			buildConfigurations = (
				69A47C7B24F171D100950BA2 /* Debug */,
				69A47C7C24F171D100950BA2 /* Release */,
			);
			defaultConfigurationIsVisible = 0;
			defaultConfigurationName = Release;
		};
		69A47C7D24F171D100950BA2 /* Build configuration list for PBXNativeTarget "World TrackingUITests" */ = {
			isa = XCConfigurationList;
			buildConfigurations = (
				69A47C7E24F171D100950BA2 /* Debug */,
				69A47C7F24F171D100950BA2 /* Release */,
			);
			defaultConfigurationIsVisible = 0;
			defaultConfigurationName = Release;
		};
/* End XCConfigurationList section */
	};
	rootObject = 69A47C4524F171CE00950BA2 /* Project object */;
}
